
Microsoft Visual Studio Solution File, Format Version 12.00
# Visual Studio Version 16
VisualStudioVersion = 16.0.28803.452
MinimumVisualStudioVersion = 10.0.40219.1
Project("{FAE04EC0-301F-11D3-BF4B-00C04F79EFBC}") = "Clother", "Clother\Clother.csproj", "{24FE7077-C6CA-427E-951E-C6FC83DFFA24}"
EndProject
Global
	GlobalSection(SolutionConfigurationPlatforms) = preSolution
		Debug|Any CPU = Debug|Any CPU
		Release|Any CPU = Release|Any CPU
	EndGlobalSection
	GlobalSection(ProjectConfigurationPlatforms) = postSolution
		{24FE7077-C6CA-427E-951E-C6FC83DFFA24}.Debug|Any CPU.ActiveCfg = Debug|Any CPU
		{24FE7077-C6CA-427E-951E-C6FC83DFFA24}.Debug|Any CPU.Build.0 = Debug|Any CPU
		{24FE7077-C6CA-427E-951E-C6FC83DFFA24}.Release|Any CPU.ActiveCfg = Release|Any CPU
		{24FE7077-C6CA-427E-951E-C6FC83DFFA24}.Release|Any CPU.Build.0 = Release|Any CPU
	EndGlobalSection
	GlobalSection(SolutionProperties) = preSolution
		HideSolutionNode = FALSE
	EndGlobalSection
	GlobalSection(ExtensibilityGlobals) = postSolution
		SolutionGuid = {50E1DDF9-95C5-4A21-9422-F0DE6D83B076}
	EndGlobalSection
EndGlobal
